
Microsoft Visual Studio Solution File, Format Version 12.00
# Visual Studio Version 17
VisualStudioVersion = 17.0.31903.59
MinimumVisualStudioVersion = 10.0.40219.1
Project("{2150E333-8FDC-42A3-9474-1A3956D46DE8}") = "src", "src", "{827E0CD3-B72D-47B6-A68D-7590B98EB39B}"
EndProject
Project("{FAE04EC0-301F-11D3-BF4B-00C04F79EFBC}") = "FleetExecutive.Shared", "src\FleetExecutive.Shared\FleetExecutive.Shared.csproj", "{B0ED8130-8653-4924-8561-74D8B246F278}"
EndProject
Project("{FAE04EC0-301F-11D3-BF4B-00C04F79EFBC}") = "FleetExecutive.Domain", "src\FleetExecutive.Domain\FleetExecutive.Domain.csproj", "{206F30CD-DEA3-477E-A52F-85E6113741FA}"
EndProject
Project("{FAE04EC0-301F-11D3-BF4B-00C04F79EFBC}") = "FleetExecutive.Application", "src\FleetExecutive.Application\FleetExecutive.Application.csproj", "{B537F478-76FC-4775-B282-FE1084F1038C}"
EndProject
Project("{FAE04EC0-301F-11D3-BF4B-00C04F79EFBC}") = "FleetExecutive.Infrastructure", "src\FleetExecutive.Infrastructure\FleetExecutive.Infrastructure.csproj", "{C4EE0F4C-A253-4807-AC33-ABE362C6905C}"
EndProject
Project("{FAE04EC0-301F-11D3-BF4B-00C04F79EFBC}") = "FleetExecutive.Api", "src\FleetExecutive.Api\FleetExecutive.Api.csproj", "{A5843895-3DC7-43F6-8D48-9836B3B833EA}"
EndProject
Project("{FAE04EC0-301F-11D3-BF4B-00C04F79EFBC}") = "FleetExecutive.MigrationRunner", "tools\FleetExecutive.MigrationRunner\FleetExecutive.MigrationRunner.csproj", "{299DCBAA-DE85-42D6-938F-33C94D10B4ED}"
EndProject
Project("{FAE04EC0-301F-11D3-BF4B-00C04F79EFBC}") = "FleetExecutive.Domain.Tests", "tests\FleetExecutive.Domain.Tests\FleetExecutive.Domain.Tests.csproj", "{53D50AFE-6B6C-46C4-B508-5A00344C22FF}"
EndProject
Project("{FAE04EC0-301F-11D3-BF4B-00C04F79EFBC}") = "FleetExecutive.Application.Tests", "tests\FleetExecutive.Application.Tests\FleetExecutive.Application.Tests.csproj", "{B820A898-48D3-4100-BEBE-B68A8EC7D408}"
EndProject
Project("{FAE04EC0-301F-11D3-BF4B-00C04F79EFBC}") = "FleetExecutive.Infrastructure.Tests", "tests\FleetExecutive.Infrastructure.Tests\FleetExecutive.Infrastructure.Tests.csproj", "{8A8D67C1-24AB-4BAC-8BB9-10167959DD5A}"
EndProject
Project("{FAE04EC0-301F-11D3-BF4B-00C04F79EFBC}") = "FleetExecutive.Api.IntegrationTests", "tests\FleetExecutive.Api.IntegrationTests\FleetExecutive.Api.IntegrationTests.csproj", "{F0CCAAFB-A532-42A3-A283-3E30E0156881}"
EndProject
Project("{FAE04EC0-301F-11D3-BF4B-00C04F79EFBC}") = "FleetExecutive.Architecture.Tests", "tests\FleetExecutive.Architecture.Tests\FleetExecutive.Architecture.Tests.csproj", "{87E2FB80-C8D0-4DF8-A734-2F30EB04F5CB}"
EndProject
Global
	GlobalSection(SolutionConfigurationPlatforms) = preSolution
		Debug|Any CPU = Debug|Any CPU
		Debug|x64 = Debug|x64
		Debug|x86 = Debug|x86
		Release|Any CPU = Release|Any CPU
		Release|x64 = Release|x64
		Release|x86 = Release|x86
	EndGlobalSection
	GlobalSection(ProjectConfigurationPlatforms) = postSolution
		{B0ED8130-8653-4924-8561-74D8B246F278}.Debug|Any CPU.ActiveCfg = Debug|Any CPU
		{B0ED8130-8653-4924-8561-74D8B246F278}.Debug|Any CPU.Build.0 = Debug|Any CPU
		{B0ED8130-8653-4924-8561-74D8B246F278}.Debug|x64.ActiveCfg = Debug|Any CPU
		{B0ED8130-8653-4924-8561-74D8B246F278}.Debug|x64.Build.0 = Debug|Any CPU
		{B0ED8130-8653-4924-8561-74D8B246F278}.Debug|x86.ActiveCfg = Debug|Any CPU
		{B0ED8130-8653-4924-8561-74D8B246F278}.Debug|x86.Build.0 = Debug|Any CPU
		{B0ED8130-8653-4924-8561-74D8B246F278}.Release|Any CPU.ActiveCfg = Release|Any CPU
		{B0ED8130-8653-4924-8561-74D8B246F278}.Release|Any CPU.Build.0 = Release|Any CPU
		{B0ED8130-8653-4924-8561-74D8B246F278}.Release|x64.ActiveCfg = Release|Any CPU
		{B0ED8130-8653-4924-8561-74D8B246F278}.Release|x64.Build.0 = Release|Any CPU
		{B0ED8130-8653-4924-8561-74D8B246F278}.Release|x86.ActiveCfg = Release|Any CPU
		{B0ED8130-8653-4924-8561-74D8B246F278}.Release|x86.Build.0 = Release|Any CPU
		{206F30CD-DEA3-477E-A52F-85E6113741FA}.Debug|Any CPU.ActiveCfg = Debug|Any CPU
		{206F30CD-DEA3-477E-A52F-85E6113741FA}.Debug|Any CPU.Build.0 = Debug|Any CPU
		{206F30CD-DEA3-477E-A52F-85E6113741FA}.Debug|x64.ActiveCfg = Debug|Any CPU
		{206F30CD-DEA3-477E-A52F-85E6113741FA}.Debug|x64.Build.0 = Debug|Any CPU
		{206F30CD-DEA3-477E-A52F-85E6113741FA}.Debug|x86.ActiveCfg = Debug|Any CPU
		{206F30CD-DEA3-477E-A52F-85E6113741FA}.Debug|x86.Build.0 = Debug|Any CPU
		{206F30CD-DEA3-477E-A52F-85E6113741FA}.Release|Any CPU.ActiveCfg = Release|Any CPU
		{206F30CD-DEA3-477E-A52F-85E6113741FA}.Release|Any CPU.Build.0 = Release|Any CPU
		{206F30CD-DEA3-477E-A52F-85E6113741FA}.Release|x64.ActiveCfg = Release|Any CPU
		{206F30CD-DEA3-477E-A52F-85E6113741FA}.Release|x64.Build.0 = Release|Any CPU
		{206F30CD-DEA3-477E-A52F-85E6113741FA}.Release|x86.ActiveCfg = Release|Any CPU
		{206F30CD-DEA3-477E-A52F-85E6113741FA}.Release|x86.Build.0 = Release|Any CPU
		{B537F478-76FC-4775-B282-FE1084F1038C}.Debug|Any CPU.ActiveCfg = Debug|Any CPU
		{B537F478-76FC-4775-B282-FE1084F1038C}.Debug|Any CPU.Build.0 = Debug|Any CPU
		{B537F478-76FC-4775-B282-FE1084F1038C}.Debug|x64.ActiveCfg = Debug|Any CPU
		{B537F478-76FC-4775-B282-FE1084F1038C}.Debug|x64.Build.0 = Debug|Any CPU
		{B537F478-76FC-4775-B282-FE1084F1038C}.Debug|x86.ActiveCfg = Debug|Any CPU
		{B537F478-76FC-4775-B282-FE1084F1038C}.Debug|x86.Build.0 = Debug|Any CPU
		{B537F478-76FC-4775-B282-FE1084F1038C}.Release|Any CPU.ActiveCfg = Release|Any CPU
		{B537F478-76FC-4775-B282-FE1084F1038C}.Release|Any CPU.Build.0 = Release|Any CPU
		{B537F478-76FC-4775-B282-FE1084F1038C}.Release|x64.ActiveCfg = Release|Any CPU
		{B537F478-76FC-4775-B282-FE1084F1038C}.Release|x64.Build.0 = Release|Any CPU
		{B537F478-76FC-4775-B282-FE1084F1038C}.Release|x86.ActiveCfg = Release|Any CPU
		{B537F478-76FC-4775-B282-FE1084F1038C}.Release|x86.Build.0 = Release|Any CPU
		{C4EE0F4C-A253-4807-AC33-ABE362C6905C}.Debug|Any CPU.ActiveCfg = Debug|Any CPU
		{C4EE0F4C-A253-4807-AC33-ABE362C6905C}.Debug|Any CPU.Build.0 = Debug|Any CPU
		{C4EE0F4C-A253-4807-AC33-ABE362C6905C}.Debug|x64.ActiveCfg = Debug|Any CPU
		{C4EE0F4C-A253-4807-AC33-ABE362C6905C}.Debug|x64.Build.0 = Debug|Any CPU
		{C4EE0F4C-A253-4807-AC33-ABE362C6905C}.Debug|x86.ActiveCfg = Debug|Any CPU
		{C4EE0F4C-A253-4807-AC33-ABE362C6905C}.Debug|x86.Build.0 = Debug|Any CPU
		{C4EE0F4C-A253-4807-AC33-ABE362C6905C}.Release|Any CPU.ActiveCfg = Release|Any CPU
		{C4EE0F4C-A253-4807-AC33-ABE362C6905C}.Release|Any CPU.Build.0 = Release|Any CPU
		{C4EE0F4C-A253-4807-AC33-ABE362C6905C}.Release|x64.ActiveCfg = Release|Any CPU
		{C4EE0F4C-A253-4807-AC33-ABE362C6905C}.Release|x64.Build.0 = Release|Any CPU
		{C4EE0F4C-A253-4807-AC33-ABE362C6905C}.Release|x86.ActiveCfg = Release|Any CPU
		{C4EE0F4C-A253-4807-AC33-ABE362C6905C}.Release|x86.Build.0 = Release|Any CPU
		{A5843895-3DC7-43F6-8D48-9836B3B833EA}.Debug|Any CPU.ActiveCfg = Debug|Any CPU
		{A5843895-3DC7-43F6-8D48-9836B3B833EA}.Debug|Any CPU.Build.0 = Debug|Any CPU
		{A5843895-3DC7-43F6-8D48-9836B3B833EA}.Debug|x64.ActiveCfg = Debug|Any CPU
		{A5843895-3DC7-43F6-8D48-9836B3B833EA}.Debug|x64.Build.0 = Debug|Any CPU
		{A5843895-3DC7-43F6-8D48-9836B3B833EA}.Debug|x86.ActiveCfg = Debug|Any CPU
		{A5843895-3DC7-43F6-8D48-9836B3B833EA}.Debug|x86.Build.0 = Debug|Any CPU
		{A5843895-3DC7-43F6-8D48-9836B3B833EA}.Release|Any CPU.ActiveCfg = Release|Any CPU
		{A5843895-3DC7-43F6-8D48-9836B3B833EA}.Release|Any CPU.Build.0 = Release|Any CPU
		{A5843895-3DC7-43F6-8D48-9836B3B833EA}.Release|x64.ActiveCfg = Release|Any CPU
		{A5843895-3DC7-43F6-8D48-9836B3B833EA}.Release|x64.Build.0 = Release|Any CPU
		{A5843895-3DC7-43F6-8D48-9836B3B833EA}.Release|x86.ActiveCfg = Release|Any CPU
		{A5843895-3DC7-43F6-8D48-9836B3B833EA}.Release|x86.Build.0 = Release|Any CPU
		{299DCBAA-DE85-42D6-938F-33C94D10B4ED}.Debug|Any CPU.ActiveCfg = Debug|Any CPU
		{299DCBAA-DE85-42D6-938F-33C94D10B4ED}.Debug|Any CPU.Build.0 = Debug|Any CPU
		{299DCBAA-DE85-42D6-938F-33C94D10B4ED}.Debug|x64.ActiveCfg = Debug|Any CPU
		{299DCBAA-DE85-42D6-938F-33C94D10B4ED}.Debug|x64.Build.0 = Debug|Any CPU
		{299DCBAA-DE85-42D6-938F-33C94D10B4ED}.Debug|x86.ActiveCfg = Debug|Any CPU
		{299DCBAA-DE85-42D6-938F-33C94D10B4ED}.Debug|x86.Build.0 = Debug|Any CPU
		{299DCBAA-DE85-42D6-938F-33C94D10B4ED}.Release|Any CPU.ActiveCfg = Release|Any CPU
		{299DCBAA-DE85-42D6-938F-33C94D10B4ED}.Release|Any CPU.Build.0 = Release|Any CPU
		{299DCBAA-DE85-42D6-938F-33C94D10B4ED}.Release|x64.ActiveCfg = Release|Any CPU
		{299DCBAA-DE85-42D6-938F-33C94D10B4ED}.Release|x64.Build.0 = Release|Any CPU
		{299DCBAA-DE85-42D6-938F-33C94D10B4ED}.Release|x86.ActiveCfg = Release|Any CPU
		{299DCBAA-DE85-42D6-938F-33C94D10B4ED}.Release|x86.Build.0 = Release|Any CPU
		{53D50AFE-6B6C-46C4-B508-5A00344C22FF}.Debug|Any CPU.ActiveCfg = Debug|Any CPU
		{53D50AFE-6B6C-46C4-B508-5A00344C22FF}.Debug|Any CPU.Build.0 = Debug|Any CPU
		{53D50AFE-6B6C-46C4-B508-5A00344C22FF}.Debug|x64.ActiveCfg = Debug|Any CPU
		{53D50AFE-6B6C-46C4-B508-5A00344C22FF}.Debug|x64.Build.0 = Debug|Any CPU
		{53D50AFE-6B6C-46C4-B508-5A00344C22FF}.Debug|x86.ActiveCfg = Debug|Any CPU
		{53D50AFE-6B6C-46C4-B508-5A00344C22FF}.Debug|x86.Build.0 = Debug|Any CPU
		{53D50AFE-6B6C-46C4-B508-5A00344C22FF}.Release|Any CPU.ActiveCfg = Release|Any CPU
		{53D50AFE-6B6C-46C4-B508-5A00344C22FF}.Release|Any CPU.Build.0 = Release|Any CPU
		{53D50AFE-6B6C-46C4-B508-5A00344C22FF}.Release|x64.ActiveCfg = Release|Any CPU
		{53D50AFE-6B6C-46C4-B508-5A00344C22FF}.Release|x64.Build.0 = Release|Any CPU
		{53D50AFE-6B6C-46C4-B508-5A00344C22FF}.Release|x86.ActiveCfg = Release|Any CPU
		{53D50AFE-6B6C-46C4-B508-5A00344C22FF}.Release|x86.Build.0 = Release|Any CPU
		{B820A898-48D3-4100-BEBE-B68A8EC7D408}.Debug|Any CPU.ActiveCfg = Debug|Any CPU
		{B820A898-48D3-4100-BEBE-B68A8EC7D408}.Debug|Any CPU.Build.0 = Debug|Any CPU
		{B820A898-48D3-4100-BEBE-B68A8EC7D408}.Debug|x64.ActiveCfg = Debug|Any CPU
		{B820A898-48D3-4100-BEBE-B68A8EC7D408}.Debug|x64.Build.0 = Debug|Any CPU
		{B820A898-48D3-4100-BEBE-B68A8EC7D408}.Debug|x86.ActiveCfg = Debug|Any CPU
		{B820A898-48D3-4100-BEBE-B68A8EC7D408}.Debug|x86.Build.0 = Debug|Any CPU
		{B820A898-48D3-4100-BEBE-B68A8EC7D408}.Release|Any CPU.ActiveCfg = Release|Any CPU
		{B820A898-48D3-4100-BEBE-B68A8EC7D408}.Release|Any CPU.Build.0 = Release|Any CPU
		{B820A898-48D3-4100-BEBE-B68A8EC7D408}.Release|x64.ActiveCfg = Release|Any CPU
		{B820A898-48D3-4100-BEBE-B68A8EC7D408}.Release|x64.Build.0 = Release|Any CPU
		{B820A898-48D3-4100-BEBE-B68A8EC7D408}.Release|x86.ActiveCfg = Release|Any CPU
		{B820A898-48D3-4100-BEBE-B68A8EC7D408}.Release|x86.Build.0 = Release|Any CPU
		{8A8D67C1-24AB-4BAC-8BB9-10167959DD5A}.Debug|Any CPU.ActiveCfg = Debug|Any CPU
		{8A8D67C1-24AB-4BAC-8BB9-10167959DD5A}.Debug|Any CPU.Build.0 = Debug|Any CPU
		{8A8D67C1-24AB-4BAC-8BB9-10167959DD5A}.Debug|x64.ActiveCfg = Debug|Any CPU
		{8A8D67C1-24AB-4BAC-8BB9-10167959DD5A}.Debug|x64.Build.0 = Debug|Any CPU
		{8A8D67C1-24AB-4BAC-8BB9-10167959DD5A}.Debug|x86.ActiveCfg = Debug|Any CPU
		{8A8D67C1-24AB-4BAC-8BB9-10167959DD5A}.Debug|x86.Build.0 = Debug|Any CPU
		{8A8D67C1-24AB-4BAC-8BB9-10167959DD5A}.Release|Any CPU.ActiveCfg = Release|Any CPU
		{8A8D67C1-24AB-4BAC-8BB9-10167959DD5A}.Release|Any CPU.Build.0 = Release|Any CPU
		{8A8D67C1-24AB-4BAC-8BB9-10167959DD5A}.Release|x64.ActiveCfg = Release|Any CPU
		{8A8D67C1-24AB-4BAC-8BB9-10167959DD5A}.Release|x64.Build.0 = Release|Any CPU
		{8A8D67C1-24AB-4BAC-8BB9-10167959DD5A}.Release|x86.ActiveCfg = Release|Any CPU
		{8A8D67C1-24AB-4BAC-8BB9-10167959DD5A}.Release|x86.Build.0 = Release|Any CPU
		{F0CCAAFB-A532-42A3-A283-3E30E0156881}.Debug|Any CPU.ActiveCfg = Debug|Any CPU
		{F0CCAAFB-A532-42A3-A283-3E30E0156881}.Debug|Any CPU.Build.0 = Debug|Any CPU
		{F0CCAAFB-A532-42A3-A283-3E30E0156881}.Debug|x64.ActiveCfg = Debug|Any CPU
		{F0CCAAFB-A532-42A3-A283-3E30E0156881}.Debug|x64.Build.0 = Debug|Any CPU
		{F0CCAAFB-A532-42A3-A283-3E30E0156881}.Debug|x86.ActiveCfg = Debug|Any CPU
		{F0CCAAFB-A532-42A3-A283-3E30E0156881}.Debug|x86.Build.0 = Debug|Any CPU
		{F0CCAAFB-A532-42A3-A283-3E30E0156881}.Release|Any CPU.ActiveCfg = Release|Any CPU
		{F0CCAAFB-A532-42A3-A283-3E30E0156881}.Release|Any CPU.Build.0 = Release|Any CPU
		{F0CCAAFB-A532-42A3-A283-3E30E0156881}.Release|x64.ActiveCfg = Release|Any CPU
		{F0CCAAFB-A532-42A3-A283-3E30E0156881}.Release|x64.Build.0 = Release|Any CPU
		{F0CCAAFB-A532-42A3-A283-3E30E0156881}.Release|x86.ActiveCfg = Release|Any CPU
		{F0CCAAFB-A532-42A3-A283-3E30E0156881}.Release|x86.Build.0 = Release|Any CPU
		{87E2FB80-C8D0-4DF8-A734-2F30EB04F5CB}.Debug|Any CPU.ActiveCfg = Debug|Any CPU
		{87E2FB80-C8D0-4DF8-A734-2F30EB04F5CB}.Debug|Any CPU.Build.0 = Debug|Any CPU
		{87E2FB80-C8D0-4DF8-A734-2F30EB04F5CB}.Debug|x64.ActiveCfg = Debug|Any CPU
		{87E2FB80-C8D0-4DF8-A734-2F30EB04F5CB}.Debug|x64.Build.0 = Debug|Any CPU
		{87E2FB80-C8D0-4DF8-A734-2F30EB04F5CB}.Debug|x86.ActiveCfg = Debug|Any CPU
		{87E2FB80-C8D0-4DF8-A734-2F30EB04F5CB}.Debug|x86.Build.0 = Debug|Any CPU
		{87E2FB80-C8D0-4DF8-A734-2F30EB04F5CB}.Release|Any CPU.ActiveCfg = Release|Any CPU
		{87E2FB80-C8D0-4DF8-A734-2F30EB04F5CB}.Release|Any CPU.Build.0 = Release|Any CPU
		{87E2FB80-C8D0-4DF8-A734-2F30EB04F5CB}.Release|x64.ActiveCfg = Release|Any CPU
		{87E2FB80-C8D0-4DF8-A734-2F30EB04F5CB}.Release|x64.Build.0 = Release|Any CPU
		{87E2FB80-C8D0-4DF8-A734-2F30EB04F5CB}.Release|x86.ActiveCfg = Release|Any CPU
		{87E2FB80-C8D0-4DF8-A734-2F30EB04F5CB}.Release|x86.Build.0 = Release|Any CPU
	EndGlobalSection
	GlobalSection(SolutionProperties) = preSolution
		HideSolutionNode = FALSE
	EndGlobalSection
	GlobalSection(NestedProjects) = preSolution
		{B0ED8130-8653-4924-8561-74D8B246F278} = {827E0CD3-B72D-47B6-A68D-7590B98EB39B}
		{206F30CD-DEA3-477E-A52F-85E6113741FA} = {827E0CD3-B72D-47B6-A68D-7590B98EB39B}
		{B537F478-76FC-4775-B282-FE1084F1038C} = {827E0CD3-B72D-47B6-A68D-7590B98EB39B}
		{C4EE0F4C-A253-4807-AC33-ABE362C6905C} = {827E0CD3-B72D-47B6-A68D-7590B98EB39B}
		{A5843895-3DC7-43F6-8D48-9836B3B833EA} = {827E0CD3-B72D-47B6-A68D-7590B98EB39B}
		{299DCBAA-DE85-42D6-938F-33C94D10B4ED} = {827E0CD3-B72D-47B6-A68D-7590B98EB39B}
		{53D50AFE-6B6C-46C4-B508-5A00344C22FF} = {827E0CD3-B72D-47B6-A68D-7590B98EB39B}
		{B820A898-48D3-4100-BEBE-B68A8EC7D408} = {827E0CD3-B72D-47B6-A68D-7590B98EB39B}
		{8A8D67C1-24AB-4BAC-8BB9-10167959DD5A} = {827E0CD3-B72D-47B6-A68D-7590B98EB39B}
		{F0CCAAFB-A532-42A3-A283-3E30E0156881} = {827E0CD3-B72D-47B6-A68D-7590B98EB39B}
		{87E2FB80-C8D0-4DF8-A734-2F30EB04F5CB} = {827E0CD3-B72D-47B6-A68D-7590B98EB39B}
	EndGlobalSection
EndGlobal
